
Microsoft Visual Studio Solution File, Format Version 12.00
# Visual Studio Version 17
VisualStudioVersion = 17.9.34728.123
MinimumVisualStudioVersion = 10.0.40219.1
Project("{FAE04EC0-301F-11D3-BF4B-00C04F79EFBC}") = "Assignment1", "Assignment1\Assignment1.csproj", "{F3EC319F-D3BA-4451-BE1E-2B7B310AAA0A}"
EndProject
Global
	GlobalSection(SolutionConfigurationPlatforms) = preSolution
		Debug|Any CPU = Debug|Any CPU
		Release|Any CPU = Release|Any CPU
	EndGlobalSection
	GlobalSection(ProjectConfigurationPlatforms) = postSolution
		{F3EC319F-D3BA-4451-BE1E-2B7B310AAA0A}.Debug|Any CPU.ActiveCfg = Debug|Any CPU
		{F3EC319F-D3BA-4451-BE1E-2B7B310AAA0A}.Debug|Any CPU.Build.0 = Debug|Any CPU
		{F3EC319F-D3BA-4451-BE1E-2B7B310AAA0A}.Release|Any CPU.ActiveCfg = Release|Any CPU
		{F3EC319F-D3BA-4451-BE1E-2B7B310AAA0A}.Release|Any CPU.Build.0 = Release|Any CPU
	EndGlobalSection
	GlobalSection(SolutionProperties) = preSolution
		HideSolutionNode = FALSE
	EndGlobalSection
	GlobalSection(ExtensibilityGlobals) = postSolution
		SolutionGuid = {36B6BD1D-B0C1-47B9-9FF1-CD53FDA460F0}
	EndGlobalSection
EndGlobal
